<?xml version="1.0" encoding="utf-8"?>
<Project ToolsVersion="4.0" xmlns="http://schemas.microsoft.com/developer/msbuild/2003">
  <ItemGroup>
    <Filter Include="源文件">
      <UniqueIdentifier>{4FC737F1-C7A5-4376-A066-2A32D752A2FF}</UniqueIdentifier>
      <Extensions>cpp;c;cc;cxx;def;odl;idl;hpj;bat;asm;asmx</Extensions>
    </Filter>
    <Filter Include="头文件">
      <UniqueIdentifier>{93995380-89BD-4b04-88EB-625FBE52EBFB}</UniqueIdentifier>
      <Extensions>h;hh;hpp;hxx;hm;inl;inc;xsd</Extensions>
    </Filter>
    <Filter Include="资源文件">
      <UniqueIdentifier>{67DA6AB6-F800-4c08-8B7A-83BB121AAD01}</UniqueIdentifier>
      <Extensions>rc;ico;cur;bmp;dlg;rc2;rct;bin;rgs;gif;jpg;jpeg;jpe;resx;tiff;tif;png;wav;mfcribbon-ms</Extensions>
    </Filter>
  </ItemGroup>
  <ItemGroup>
    <ClInclude Include="stdafx.h">
      <Filter>头文件</Filter>
    </ClInclude>
    <ClInclude Include="targetver.h">
      <Filter>头文件</Filter>
    </ClInclude>
    <ClInclude Include="..\..\AirSocket\Socket\AirCircleBuffer.h">
      <Filter>头文件</Filter>
    </ClInclude>
    <ClInclude Include="..\..\AirSocket\Socket\AirConnection.h">
      <Filter>头文件</Filter>
    </ClInclude>
    <ClInclude Include="..\..\AirSocket\Socket\AirConnectionManager.h">
      <Filter>头文件</Filter>
    </ClInclude>
    <ClInclude Include="..\..\AirSocket\Socket\AirConnectionObserver.h">
      <Filter>头文件</Filter>
    </ClInclude>
    <ClInclude Include="..\..\AirSocket\Socket\AirConnectionPackageIO.h">
      <Filter>头文件</Filter>
    </ClInclude>
    <ClInclude Include="..\..\AirSocket\Socket\AirFormatDataIO.h">
      <Filter>头文件</Filter>
    </ClInclude>
    <ClInclude Include="..\..\AirSocket\Socket\AirPackage.h">
      <Filter>头文件</Filter>
    </ClInclude>
    <ClInclude Include="..\..\AirSocket\Socket\AirServer.h">
      <Filter>头文件</Filter>
    </ClInclude>
    <ClInclude Include="..\..\AirSocket\Socket\AirSession.h">
      <Filter>头文件</Filter>
    </ClInclude>
    <ClInclude Include="..\..\AirSocket\Socket\AirSessionManager.h">
      <Filter>头文件</Filter>
    </ClInclude>
    <ClInclude Include="..\..\AirSocket\Socket\AirSocket.h">
      <Filter>头文件</Filter>
    </ClInclude>
    <ClInclude Include="..\..\AirSocket\Socket\AirSocketConfig.h">
      <Filter>头文件</Filter>
    </ClInclude>
    <ClInclude Include="..\..\AirSocket\Socket\AirSocketDefine.h">
      <Filter>头文件</Filter>
    </ClInclude>
    <ClInclude Include="..\..\AirSocket\Socket\Thread\AirOperation.h">
      <Filter>头文件</Filter>
    </ClInclude>
    <ClInclude Include="..\..\AirSocket\Socket\Thread\AirQueue.h">
      <Filter>头文件</Filter>
    </ClInclude>
    <ClInclude Include="..\..\AirSocket\Socket\Thread\AirThread.h">
      <Filter>头文件</Filter>
    </ClInclude>
    <ClInclude Include="..\..\AirSocket\Socket\Thread\AirThreadLock.h">
      <Filter>头文件</Filter>
    </ClInclude>
    <ClInclude Include="..\..\AirSocket\Socket\Thread\AirThreadPool.h">
      <Filter>头文件</Filter>
    </ClInclude>
  </ItemGroup>
  <ItemGroup>
    <ClCompile Include="stdafx.cpp">
      <Filter>源文件</Filter>
    </ClCompile>
    <ClCompile Include="dllmain.cpp">
      <Filter>源文件</Filter>
    </ClCompile>
    <ClCompile Include="AirSocket-win.cpp">
      <Filter>源文件</Filter>
    </ClCompile>
    <ClCompile Include="..\..\AirSocket\Socket\AirCircleBuffer.cpp">
      <Filter>源文件</Filter>
    </ClCompile>
    <ClCompile Include="..\..\AirSocket\Socket\AirConnection.cpp">
      <Filter>源文件</Filter>
    </ClCompile>
    <ClCompile Include="..\..\AirSocket\Socket\AirConnectionManager.cpp">
      <Filter>源文件</Filter>
    </ClCompile>
    <ClCompile Include="..\..\AirSocket\Socket\AirConnectionPackageIO.cpp">
      <Filter>源文件</Filter>
    </ClCompile>
    <ClCompile Include="..\..\AirSocket\Socket\AirPackage.cpp">
      <Filter>源文件</Filter>
    </ClCompile>
    <ClCompile Include="..\..\AirSocket\Socket\AirServer.cpp">
      <Filter>源文件</Filter>
    </ClCompile>
    <ClCompile Include="..\..\AirSocket\Socket\AirSession.cpp">
      <Filter>源文件</Filter>
    </ClCompile>
    <ClCompile Include="..\..\AirSocket\Socket\AirSessionManager.cpp">
      <Filter>源文件</Filter>
    </ClCompile>
    <ClCompile Include="..\..\AirSocket\Socket\AirSocket.cpp">
      <Filter>源文件</Filter>
    </ClCompile>
    <ClCompile Include="..\..\AirSocket\Socket\Thread\AirOperation.cpp">
      <Filter>源文件</Filter>
    </ClCompile>
    <ClCompile Include="..\..\AirSocket\Socket\Thread\AirQueue.cpp">
      <Filter>源文件</Filter>
    </ClCompile>
    <ClCompile Include="..\..\AirSocket\Socket\Thread\AirThread.cpp">
      <Filter>源文件</Filter>
    </ClCompile>
    <ClCompile Include="..\..\AirSocket\Socket\Thread\AirThreadLock.cpp">
      <Filter>源文件</Filter>
    </ClCompile>
    <ClCompile Include="..\..\AirSocket\Socket\Thread\AirThreadPool.cpp">
      <Filter>源文件</Filter>
    </ClCompile>
  </ItemGroup>
</Project>